
Microsoft Visual Studio Solution File, Format Version 12.00
# Visual Studio Version 17
VisualStudioVersion = 17.0.32112.339
MinimumVisualStudioVersion = 10.0.40219.1
Project("{FAE04EC0-301F-11D3-BF4B-00C04F79EFBC}") = "Woolworths.Groot.SmartSearch", "Woolworths.Groot.SmartSearch\Woolworths.Groot.SmartSearch.csproj", "{1A8929F1-9641-43A7-937C-F0F5010420E0}"
EndProject
Global
	GlobalSection(SolutionConfigurationPlatforms) = preSolution
		Debug|Any CPU = Debug|Any CPU
		Release|Any CPU = Release|Any CPU
	EndGlobalSection
	GlobalSection(ProjectConfigurationPlatforms) = postSolution
		{1A8929F1-9641-43A7-937C-F0F5010420E0}.Debug|Any CPU.ActiveCfg = Debug|Any CPU
		{1A8929F1-9641-43A7-937C-F0F5010420E0}.Debug|Any CPU.Build.0 = Debug|Any CPU
		{1A8929F1-9641-43A7-937C-F0F5010420E0}.Release|Any CPU.ActiveCfg = Release|Any CPU
		{1A8929F1-9641-43A7-937C-F0F5010420E0}.Release|Any CPU.Build.0 = Release|Any CPU
	EndGlobalSection
	GlobalSection(SolutionProperties) = preSolution
		HideSolutionNode = FALSE
	EndGlobalSection
	GlobalSection(ExtensibilityGlobals) = postSolution
		SolutionGuid = {8E0A89C6-9EEB-41C0-BD4D-25F83E21F67B}
	EndGlobalSection
EndGlobal
